<?xml version="1.0" encoding="utf-8"?>
<Project ToolsVersion="4.0" xmlns="http://schemas.microsoft.com/developer/msbuild/2003">
  <ItemGroup>
    <Filter Include="Source Files">
      <UniqueIdentifier>{4FC737F1-C7A5-4376-A066-2A32D752A2FF}</UniqueIdentifier>
      <Extensions>cpp;c;cc;cxx;c++;cppm;ixx;def;odl;idl;hpj;bat;asm;asmx</Extensions>
    </Filter>
    <Filter Include="Header Files">
      <UniqueIdentifier>{93995380-89BD-4b04-88EB-625FBE52EBFB}</UniqueIdentifier>
      <Extensions>h;hh;hpp;hxx;h++;hm;inl;inc;ipp;xsd</Extensions>
    </Filter>
    <Filter Include="Resource Files">
      <UniqueIdentifier>{67DA6AB6-F800-4c08-8B7A-83BB121AAD01}</UniqueIdentifier>
      <Extensions>rc;ico;cur;bmp;dlg;rc2;rct;bin;rgs;gif;jpg;jpeg;jpe;resx;tiff;tif;png;wav;mfcribbon-ms</Extensions>
    </Filter>
    <Filter Include="Source Files\Task-uri suplimentare">
      <UniqueIdentifier>{275bf9c5-6cf4-413d-bc8c-abb7109e328d}</UniqueIdentifier>
    </Filter>
    <Filter Include="Source Files\Seminare">
      <UniqueIdentifier>{2ff0becc-443b-4492-898d-ddec5a15d107}</UniqueIdentifier>
    </Filter>
    <Filter Include="Source Files\Aprofundare test">
      <UniqueIdentifier>{6d2d17f0-f9b4-4e97-a50c-f45264b6ff1b}</UniqueIdentifier>
    </Filter>
  </ItemGroup>
  <ItemGroup>
    <ClCompile Include="Task suplimentar1.c">
      <Filter>Source Files\Task-uri suplimentare</Filter>
    </ClCompile>
    <ClCompile Include="Task suplimentar2.c">
      <Filter>Source Files\Task-uri suplimentare</Filter>
    </ClCompile>
    <ClCompile Include="Seminar2-vecctor.c">
      <Filter>Source Files\Seminare</Filter>
    </ClCompile>
    <ClCompile Include="Seminar3-fisier.c">
      <Filter>Source Files\Seminare</Filter>
    </ClCompile>
    <ClCompile Include="Task Suplimentar3.c">
      <Filter>Source Files\Task-uri suplimentare</Filter>
    </ClCompile>
    <ClCompile Include="Seminar4-ls.c">
      <Filter>Source Files\Seminare</Filter>
    </ClCompile>
    <ClCompile Include="TaskSuplimentarLS.c">
      <Filter>Source Files\Task-uri suplimentare</Filter>
    </ClCompile>
    <ClCompile Include="Seminar5-ld.c">
      <Filter>Source Files\Seminare</Filter>
    </ClCompile>
    <ClCompile Include="TaskSuplimentarLD.c">
      <Filter>Source Files\Task-uri suplimentare</Filter>
    </ClCompile>
    <ClCompile Include="Seminar6-ht.c">
      <Filter>Source Files\Seminare</Filter>
    </ClCompile>
    <ClCompile Include="Task SuplimentarHT.c">
      <Filter>Source Files\Task-uri suplimentare</Filter>
    </ClCompile>
    <ClCompile Include="Seminar7-heap.c">
      <Filter>Source Files\Seminare</Filter>
    </ClCompile>
    <ClCompile Include="Seminar8-abc.c">
      <Filter>Source Files\Seminare</Filter>
    </ClCompile>
    <ClCompile Include="TaskSuplimentar ABC.c">
      <Filter>Source Files\Task-uri suplimentare</Filter>
    </ClCompile>
    <ClCompile Include="TaskSuplimentarHEAP.c">
      <Filter>Source Files\Task-uri suplimentare</Filter>
    </ClCompile>
    <ClCompile Include="Seminar10-stiva si coada.c">
      <Filter>Source Files\Seminare</Filter>
    </ClCompile>
    <ClCompile Include="Seminar9-avl.c">
      <Filter>Source Files\Seminare</Filter>
    </ClCompile>
    <ClCompile Include="Aprofundare Arbore Binar.c">
      <Filter>Source Files\Aprofundare test</Filter>
    </ClCompile>
    <ClCompile Include="DLL TestPrep.c">
      <Filter>Source Files\Aprofundare test</Filter>
    </ClCompile>
    <ClCompile Include="HT test prep.c">
      <Filter>Source Files\Aprofundare test</Filter>
    </ClCompile>
    <ClCompile Include="ListaSimpla TestPrep.c">
      <Filter>Source Files\Aprofundare test</Filter>
    </ClCompile>
    <ClCompile Include="Sablon5.c">
      <Filter>Source Files\Aprofundare test</Filter>
    </ClCompile>
    <ClCompile Include="SLL TestPrep - exercitii.c">
      <Filter>Source Files\Aprofundare test</Filter>
    </ClCompile>
    <ClCompile Include="TestPrepHT2.c">
      <Filter>Source Files\Aprofundare test</Filter>
    </ClCompile>
    <ClCompile Include="Heap - aprofundare.c">
      <Filter>Source Files\Aprofundare test</Filter>
    </ClCompile>
    <ClCompile Include="Heap aprofundare 2.c">
      <Filter>Source Files\Aprofundare test</Filter>
    </ClCompile>
    <ClCompile Include="Aprofundare ABC 2.c">
      <Filter>Source Files\Aprofundare test</Filter>
    </ClCompile>
    <ClCompile Include="Seminar11 - Grafuri.c">
      <Filter>Source Files\Seminare</Filter>
    </ClCompile>
    <ClCompile Include="Aprofundare ABC.c">
      <Filter>Source Files\Aprofundare test</Filter>
    </ClCompile>
    <ClCompile Include="Aprofundare AVL.c">
      <Filter>Source Files\Aprofundare test</Filter>
    </ClCompile>
    <ClCompile Include="Task suplimentar AVL.c">
      <Filter>Source Files\Task-uri suplimentare</Filter>
    </ClCompile>
    <ClCompile Include="Aprofundare Max-Heap.c">
      <Filter>Source Files\Aprofundare test</Filter>
    </ClCompile>
    <ClCompile Include="Exemplu subiect heap.c">
      <Filter>Source Files\Aprofundare test</Filter>
    </ClCompile>
    <ClCompile Include="Aprofundare stiva si coada.c">
      <Filter>Source Files\Aprofundare test</Filter>
    </ClCompile>
    <ClCompile Include="Exemplu test abc.c">
      <Filter>Source Files\Aprofundare test</Filter>
    </ClCompile>
  </ItemGroup>
</Project>